// !$*UTF8*$!
{
	archiveVersion = 1;
	classes = {
	};
	objectVersion = 56;
	objects = {

/* Begin PBXBuildFile section */
		0446CA0A2C11C1A700E27268 /* PieChart.swift in Sources */ = {isa = PBXBuildFile; fileRef = 0446CA092C11C1A700E27268 /* PieChart.swift */; };
		0446CA0B2C11C4E600E27268 /* ContentView.swift in Sources */ = {isa = PBXBuildFile; fileRef = 7E0EDBB52BF6F66E00C384B8 /* ContentView.swift */; };
		0446CA0E2C11C76900E27268 /* SeparatorBar.swift in Sources */ = {isa = PBXBuildFile; fileRef = 7E9506CB2BFB3C1400BDF341 /* SeparatorBar.swift */; };
		0446CA0F2C11C77000E27268 /* PopUpBar.swift in Sources */ = {isa = PBXBuildFile; fileRef = 3F7695992C00252400FEE52D /* PopUpBar.swift */; };
		0446CA112C11C94500E27268 /* AddNewExpenseCard.swift in Sources */ = {isa = PBXBuildFile; fileRef = 0446CA102C11C94500E27268 /* AddNewExpenseCard.swift */; };
		04A6ED502C11CCDB00C0A522 /* BudgetProgressCard.swift in Sources */ = {isa = PBXBuildFile; fileRef = 04A6ED4F2C11CCDB00C0A522 /* BudgetProgressCard.swift */; };
		04A6ED522C11D13200C0A522 /* ExpenseCard.swift in Sources */ = {isa = PBXBuildFile; fileRef = 04A6ED512C11D13200C0A522 /* ExpenseCard.swift */; };
		04A6ED532C11D5DD00C0A522 /* SplashScreenView.swift in Sources */ = {isa = PBXBuildFile; fileRef = 7E0A45962C086D6800818A13 /* SplashScreenView.swift */; };
		04A6ED552C11DA0E00C0A522 /* DetailBudget.swift in Sources */ = {isa = PBXBuildFile; fileRef = 04A6ED542C11DA0E00C0A522 /* DetailBudget.swift */; };
		04E6A9312C11B79700023DBE /* Assets.xcassets in Resources */ = {isa = PBXBuildFile; fileRef = 04E6A9302C11B79700023DBE /* Assets.xcassets */; };
		04E6A9342C11B79700023DBE /* Preview Assets.xcassets in Resources */ = {isa = PBXBuildFile; fileRef = 04E6A9332C11B79700023DBE /* Preview Assets.xcassets */; };
		04E6A9372C11B79700023DBE /* WatchManageDose Watch App.app in Embed Watch Content */ = {isa = PBXBuildFile; fileRef = 04E6A92A2C11B79500023DBE /* WatchManageDose Watch App.app */; settings = {ATTRIBUTES = (RemoveHeadersOnCopy, ); }; };
		04E6A93C2C11B89600023DBE /* ColorExtension.swift in Sources */ = {isa = PBXBuildFile; fileRef = 7EBEDBB12C02FA3D00DC4035 /* ColorExtension.swift */; };
		04E6A93D2C11B89600023DBE /* ManageDoseApp.swift in Sources */ = {isa = PBXBuildFile; fileRef = 7E0EDBB32BF6F66E00C384B8 /* ManageDoseApp.swift */; };
		04E6A93E2C11B89600023DBE /* ExpenseData.swift in Sources */ = {isa = PBXBuildFile; fileRef = 7E9282E72C0968A500E61487 /* ExpenseData.swift */; };
		04E6A93F2C11B89600023DBE /* TransactionData.swift in Sources */ = {isa = PBXBuildFile; fileRef = 7E4215772BFC8F7100B0AFDB /* TransactionData.swift */; };
		04E6A9402C11B89600023DBE /* IncomeData.swift in Sources */ = {isa = PBXBuildFile; fileRef = 7E9282E52C09689A00E61487 /* IncomeData.swift */; };
		04E6A9412C11B89600023DBE /* BudgetingData.swift in Sources */ = {isa = PBXBuildFile; fileRef = 7E4215792BFC9F5E00B0AFDB /* BudgetingData.swift */; };
		04E6A9422C11B89600023DBE /* Preview Assets.xcassets in Resources */ = {isa = PBXBuildFile; fileRef = 7EBEDBC82C02FB2E00DC4035 /* Preview Assets.xcassets */; };
		04E6A9482C11BAAB00023DBE /* ExpendAllocationView.swift in Sources */ = {isa = PBXBuildFile; fileRef = 04E6A9472C11BAAB00023DBE /* ExpendAllocationView.swift */; };
		3F76959A2C00252400FEE52D /* PopUpBar.swift in Sources */ = {isa = PBXBuildFile; fileRef = 3F7695992C00252400FEE52D /* PopUpBar.swift */; };
		3F76959C2C0037EF00FEE52D /* AddNewExpenseView.swift in Sources */ = {isa = PBXBuildFile; fileRef = 3F76959B2C0037EF00FEE52D /* AddNewExpenseView.swift */; };
		7E073D3D2C0370B100933456 /* Slider.swift in Sources */ = {isa = PBXBuildFile; fileRef = 7E073D382C0370B100933456 /* Slider.swift */; };
		7E073D3E2C0370B100933456 /* SettingBudgetItem.swift in Sources */ = {isa = PBXBuildFile; fileRef = 7E073D392C0370B100933456 /* SettingBudgetItem.swift */; };
		7E073D3F2C0370B100933456 /* SettingBudgetRow.swift in Sources */ = {isa = PBXBuildFile; fileRef = 7E073D3A2C0370B100933456 /* SettingBudgetRow.swift */; };
		7E073D402C0370B100933456 /* SettingBudgetView.swift in Sources */ = {isa = PBXBuildFile; fileRef = 7E073D3B2C0370B100933456 /* SettingBudgetView.swift */; };
		7E0A45972C086D6800818A13 /* SplashScreenView.swift in Sources */ = {isa = PBXBuildFile; fileRef = 7E0A45962C086D6800818A13 /* SplashScreenView.swift */; };
		7E0EDBB42BF6F66E00C384B8 /* ManageDoseApp.swift in Sources */ = {isa = PBXBuildFile; fileRef = 7E0EDBB32BF6F66E00C384B8 /* ManageDoseApp.swift */; };
		7E0EDBB62BF6F66E00C384B8 /* ContentView.swift in Sources */ = {isa = PBXBuildFile; fileRef = 7E0EDBB52BF6F66E00C384B8 /* ContentView.swift */; };
		7E0EDBB82BF6F66F00C384B8 /* Assets.xcassets in Resources */ = {isa = PBXBuildFile; fileRef = 7E0EDBB72BF6F66F00C384B8 /* Assets.xcassets */; };
		7E4215782BFC8F7100B0AFDB /* TransactionData.swift in Sources */ = {isa = PBXBuildFile; fileRef = 7E4215772BFC8F7100B0AFDB /* TransactionData.swift */; };
		7E42157A2BFC9F5E00B0AFDB /* BudgetingData.swift in Sources */ = {isa = PBXBuildFile; fileRef = 7E4215792BFC9F5E00B0AFDB /* BudgetingData.swift */; };
		7E5F572C2C085F5500639A80 /* OnBoarding2View.swift in Sources */ = {isa = PBXBuildFile; fileRef = 7E5F57292C085F5500639A80 /* OnBoarding2View.swift */; };
		7E5F572D2C085F5500639A80 /* OnBoarding3View.swift in Sources */ = {isa = PBXBuildFile; fileRef = 7E5F572A2C085F5500639A80 /* OnBoarding3View.swift */; };
		7E5F572E2C085F5500639A80 /* OnBoarding1View.swift in Sources */ = {isa = PBXBuildFile; fileRef = 7E5F572B2C085F5500639A80 /* OnBoarding1View.swift */; };
		7E5F57322C085F8500639A80 /* NavBar.swift in Sources */ = {isa = PBXBuildFile; fileRef = 7E5F572F2C085F8500639A80 /* NavBar.swift */; };
		7E5F57332C085F8500639A80 /* PageIndicatorFill.swift in Sources */ = {isa = PBXBuildFile; fileRef = 7E5F57302C085F8500639A80 /* PageIndicatorFill.swift */; };
		7E5F57342C085F8500639A80 /* PageIndicatorBlank.swift in Sources */ = {isa = PBXBuildFile; fileRef = 7E5F57312C085F8500639A80 /* PageIndicatorBlank.swift */; };
		7E71FC392BFAEC2500F58890 /* HomeView.swift in Sources */ = {isa = PBXBuildFile; fileRef = 7E71FC382BFAEC2500F58890 /* HomeView.swift */; };
		7E71FC3D2BFB1E3500F58890 /* BudgetingCard.swift in Sources */ = {isa = PBXBuildFile; fileRef = 7E71FC3C2BFB1E3500F58890 /* BudgetingCard.swift */; };
		7E71FC3E2BFB1E7000F58890 /* TransactionItem.swift in Sources */ = {isa = PBXBuildFile; fileRef = 7E71FC3A2BFB193200F58890 /* TransactionItem.swift */; };
		7E9282E62C09689A00E61487 /* IncomeData.swift in Sources */ = {isa = PBXBuildFile; fileRef = 7E9282E52C09689A00E61487 /* IncomeData.swift */; };
		7E9282E82C0968A500E61487 /* ExpenseData.swift in Sources */ = {isa = PBXBuildFile; fileRef = 7E9282E72C0968A500E61487 /* ExpenseData.swift */; };
		7E9282EB2C09A59100E61487 /* IncomeItem.swift in Sources */ = {isa = PBXBuildFile; fileRef = 7E9282EA2C09A59100E61487 /* IncomeItem.swift */; };
		7E9282ED2C09A5B400E61487 /* ExpenseItem.swift in Sources */ = {isa = PBXBuildFile; fileRef = 7E9282EC2C09A5B400E61487 /* ExpenseItem.swift */; };
		7E9506CA2BFB35C200BDF341 /* TransactionHistoryView.swift in Sources */ = {isa = PBXBuildFile; fileRef = 7E9506C92BFB35C200BDF341 /* TransactionHistoryView.swift */; };
		7E9506CC2BFB3C1400BDF341 /* SeparatorBar.swift in Sources */ = {isa = PBXBuildFile; fileRef = 7E9506CB2BFB3C1400BDF341 /* SeparatorBar.swift */; };
		7EBEDBB32C02FA3D00DC4035 /* ColorExtension.swift in Sources */ = {isa = PBXBuildFile; fileRef = 7EBEDBB12C02FA3D00DC4035 /* ColorExtension.swift */; };
		7EBEDBBA2C02FA6000DC4035 /* AddButton.swift in Sources */ = {isa = PBXBuildFile; fileRef = 7EBEDBB42C02FA6000DC4035 /* AddButton.swift */; };
		7EBEDBBB2C02FA6000DC4035 /* ExpenseCard.swift in Sources */ = {isa = PBXBuildFile; fileRef = 7EBEDBB52C02FA6000DC4035 /* ExpenseCard.swift */; };
		7EBEDBBC2C02FA6000DC4035 /* IncomeCard.swift in Sources */ = {isa = PBXBuildFile; fileRef = 7EBEDBB62C02FA6000DC4035 /* IncomeCard.swift */; };
		7EBEDBBD2C02FA6000DC4035 /* BudgetProgressCard.swift in Sources */ = {isa = PBXBuildFile; fileRef = 7EBEDBB72C02FA6000DC4035 /* BudgetProgressCard.swift */; };
		7EBEDBBE2C02FA6000DC4035 /* PieChart.swift in Sources */ = {isa = PBXBuildFile; fileRef = 7EBEDBB82C02FA6000DC4035 /* PieChart.swift */; };
		7EBEDBBF2C02FA6000DC4035 /* Button.swift in Sources */ = {isa = PBXBuildFile; fileRef = 7EBEDBB92C02FA6000DC4035 /* Button.swift */; };
		7EBEDBC32C02FA7200DC4035 /* BudgetingView.swift in Sources */ = {isa = PBXBuildFile; fileRef = 7EBEDBC02C02FA7100DC4035 /* BudgetingView.swift */; };
		7EBEDBC42C02FA7200DC4035 /* DetailBudget.swift in Sources */ = {isa = PBXBuildFile; fileRef = 7EBEDBC12C02FA7100DC4035 /* DetailBudget.swift */; };
		7EBEDBC52C02FA7200DC4035 /* IncomeDetail.swift in Sources */ = {isa = PBXBuildFile; fileRef = 7EBEDBC22C02FA7100DC4035 /* IncomeDetail.swift */; };
		7EBEDBC92C02FB2E00DC4035 /* Preview Assets.xcassets in Resources */ = {isa = PBXBuildFile; fileRef = 7EBEDBC82C02FB2E00DC4035 /* Preview Assets.xcassets */; };
		7EE673FE2C05B278001777E4 /* IncomeDetailView.swift in Sources */ = {isa = PBXBuildFile; fileRef = 7EE673FD2C05B278001777E4 /* IncomeDetailView.swift */; };
/* End PBXBuildFile section */

/* Begin PBXContainerItemProxy section */
		04E6A9352C11B79700023DBE /* PBXContainerItemProxy */ = {
			isa = PBXContainerItemProxy;
			containerPortal = 7E0EDBA82BF6F66E00C384B8 /* Project object */;
			proxyType = 1;
			remoteGlobalIDString = 04E6A9292C11B79500023DBE;
			remoteInfo = "WatchManageDose Watch App";
		};
/* End PBXContainerItemProxy section */

/* Begin PBXCopyFilesBuildPhase section */
		04E6A9382C11B79700023DBE /* Embed Watch Content */ = {
			isa = PBXCopyFilesBuildPhase;
			buildActionMask = 2147483647;
			dstPath = "$(CONTENTS_FOLDER_PATH)/Watch";
			dstSubfolderSpec = 16;
			files = (
				04E6A9372C11B79700023DBE /* WatchManageDose Watch App.app in Embed Watch Content */,
			);
			name = "Embed Watch Content";
			runOnlyForDeploymentPostprocessing = 0;
		};
/* End PBXCopyFilesBuildPhase section */

/* Begin PBXFileReference section */
		0446CA092C11C1A700E27268 /* PieChart.swift */ = {isa = PBXFileReference; lastKnownFileType = sourcecode.swift; path = PieChart.swift; sourceTree = "<group>"; };
		0446CA102C11C94500E27268 /* AddNewExpenseCard.swift */ = {isa = PBXFileReference; lastKnownFileType = sourcecode.swift; path = AddNewExpenseCard.swift; sourceTree = "<group>"; };
		04A6ED4F2C11CCDB00C0A522 /* BudgetProgressCard.swift */ = {isa = PBXFileReference; lastKnownFileType = sourcecode.swift; path = BudgetProgressCard.swift; sourceTree = "<group>"; };
		04A6ED512C11D13200C0A522 /* ExpenseCard.swift */ = {isa = PBXFileReference; lastKnownFileType = sourcecode.swift; path = ExpenseCard.swift; sourceTree = "<group>"; };
		04A6ED542C11DA0E00C0A522 /* DetailBudget.swift */ = {isa = PBXFileReference; lastKnownFileType = sourcecode.swift; path = DetailBudget.swift; sourceTree = "<group>"; };
		04CCBDE42C121A3C0066E7AD /* WatchManageDose Watch App.entitlements */ = {isa = PBXFileReference; lastKnownFileType = text.plist.entitlements; path = "WatchManageDose Watch App.entitlements"; sourceTree = "<group>"; };
		04CCBDE52C121A5D0066E7AD /* ManageDose.entitlements */ = {isa = PBXFileReference; lastKnownFileType = text.plist.entitlements; path = ManageDose.entitlements; sourceTree = "<group>"; };
		04CF6E7F2C0DBCA200B1133B /* ManageDose.app */ = {isa = PBXFileReference; explicitFileType = wrapper.application; includeInIndex = 0; path = ManageDose.app; sourceTree = BUILT_PRODUCTS_DIR; };
		04E6A92A2C11B79500023DBE /* WatchManageDose Watch App.app */ = {isa = PBXFileReference; explicitFileType = wrapper.application; includeInIndex = 0; path = "WatchManageDose Watch App.app"; sourceTree = BUILT_PRODUCTS_DIR; };
		04E6A9302C11B79700023DBE /* Assets.xcassets */ = {isa = PBXFileReference; lastKnownFileType = folder.assetcatalog; path = Assets.xcassets; sourceTree = "<group>"; };
		04E6A9332C11B79700023DBE /* Preview Assets.xcassets */ = {isa = PBXFileReference; lastKnownFileType = folder.assetcatalog; path = "Preview Assets.xcassets"; sourceTree = "<group>"; };
		04E6A9472C11BAAB00023DBE /* ExpendAllocationView.swift */ = {isa = PBXFileReference; lastKnownFileType = sourcecode.swift; path = ExpendAllocationView.swift; sourceTree = "<group>"; };
		3F7695992C00252400FEE52D /* PopUpBar.swift */ = {isa = PBXFileReference; lastKnownFileType = sourcecode.swift; path = PopUpBar.swift; sourceTree = "<group>"; };
		3F76959B2C0037EF00FEE52D /* AddNewExpenseView.swift */ = {isa = PBXFileReference; lastKnownFileType = sourcecode.swift; path = AddNewExpenseView.swift; sourceTree = "<group>"; };
		7E073D382C0370B100933456 /* Slider.swift */ = {isa = PBXFileReference; fileEncoding = 4; lastKnownFileType = sourcecode.swift; path = Slider.swift; sourceTree = "<group>"; };
		7E073D392C0370B100933456 /* SettingBudgetItem.swift */ = {isa = PBXFileReference; fileEncoding = 4; lastKnownFileType = sourcecode.swift; path = SettingBudgetItem.swift; sourceTree = "<group>"; };
		7E073D3A2C0370B100933456 /* SettingBudgetRow.swift */ = {isa = PBXFileReference; fileEncoding = 4; lastKnownFileType = sourcecode.swift; path = SettingBudgetRow.swift; sourceTree = "<group>"; };
		7E073D3B2C0370B100933456 /* SettingBudgetView.swift */ = {isa = PBXFileReference; fileEncoding = 4; lastKnownFileType = sourcecode.swift; path = SettingBudgetView.swift; sourceTree = "<group>"; };
		7E0A45962C086D6800818A13 /* SplashScreenView.swift */ = {isa = PBXFileReference; lastKnownFileType = sourcecode.swift; path = SplashScreenView.swift; sourceTree = "<group>"; };
		7E0EDBB32BF6F66E00C384B8 /* ManageDoseApp.swift */ = {isa = PBXFileReference; lastKnownFileType = sourcecode.swift; path = ManageDoseApp.swift; sourceTree = "<group>"; };
		7E0EDBB52BF6F66E00C384B8 /* ContentView.swift */ = {isa = PBXFileReference; lastKnownFileType = sourcecode.swift; path = ContentView.swift; sourceTree = "<group>"; };
		7E0EDBB72BF6F66F00C384B8 /* Assets.xcassets */ = {isa = PBXFileReference; lastKnownFileType = folder.assetcatalog; path = Assets.xcassets; sourceTree = "<group>"; };
		7E4215772BFC8F7100B0AFDB /* TransactionData.swift */ = {isa = PBXFileReference; lastKnownFileType = sourcecode.swift; path = TransactionData.swift; sourceTree = "<group>"; };
		7E4215792BFC9F5E00B0AFDB /* BudgetingData.swift */ = {isa = PBXFileReference; lastKnownFileType = sourcecode.swift; path = BudgetingData.swift; sourceTree = "<group>"; };
		7E5F57292C085F5500639A80 /* OnBoarding2View.swift */ = {isa = PBXFileReference; fileEncoding = 4; lastKnownFileType = sourcecode.swift; path = OnBoarding2View.swift; sourceTree = "<group>"; };
		7E5F572A2C085F5500639A80 /* OnBoarding3View.swift */ = {isa = PBXFileReference; fileEncoding = 4; lastKnownFileType = sourcecode.swift; path = OnBoarding3View.swift; sourceTree = "<group>"; };
		7E5F572B2C085F5500639A80 /* OnBoarding1View.swift */ = {isa = PBXFileReference; fileEncoding = 4; lastKnownFileType = sourcecode.swift; path = OnBoarding1View.swift; sourceTree = "<group>"; };
		7E5F572F2C085F8500639A80 /* NavBar.swift */ = {isa = PBXFileReference; fileEncoding = 4; lastKnownFileType = sourcecode.swift; path = NavBar.swift; sourceTree = "<group>"; };
		7E5F57302C085F8500639A80 /* PageIndicatorFill.swift */ = {isa = PBXFileReference; fileEncoding = 4; lastKnownFileType = sourcecode.swift; path = PageIndicatorFill.swift; sourceTree = "<group>"; };
		7E5F57312C085F8500639A80 /* PageIndicatorBlank.swift */ = {isa = PBXFileReference; fileEncoding = 4; lastKnownFileType = sourcecode.swift; path = PageIndicatorBlank.swift; sourceTree = "<group>"; };
		7E71FC382BFAEC2500F58890 /* HomeView.swift */ = {isa = PBXFileReference; lastKnownFileType = sourcecode.swift; path = HomeView.swift; sourceTree = "<group>"; };
		7E71FC3A2BFB193200F58890 /* TransactionItem.swift */ = {isa = PBXFileReference; lastKnownFileType = sourcecode.swift; path = TransactionItem.swift; sourceTree = "<group>"; };
		7E71FC3C2BFB1E3500F58890 /* BudgetingCard.swift */ = {isa = PBXFileReference; lastKnownFileType = sourcecode.swift; path = BudgetingCard.swift; sourceTree = "<group>"; };
		7E9282E52C09689A00E61487 /* IncomeData.swift */ = {isa = PBXFileReference; lastKnownFileType = sourcecode.swift; path = IncomeData.swift; sourceTree = "<group>"; };
		7E9282E72C0968A500E61487 /* ExpenseData.swift */ = {isa = PBXFileReference; lastKnownFileType = sourcecode.swift; path = ExpenseData.swift; sourceTree = "<group>"; };
		7E9282EA2C09A59100E61487 /* IncomeItem.swift */ = {isa = PBXFileReference; lastKnownFileType = sourcecode.swift; path = IncomeItem.swift; sourceTree = "<group>"; };
		7E9282EC2C09A5B400E61487 /* ExpenseItem.swift */ = {isa = PBXFileReference; lastKnownFileType = sourcecode.swift; path = ExpenseItem.swift; sourceTree = "<group>"; };
		7E9506C92BFB35C200BDF341 /* TransactionHistoryView.swift */ = {isa = PBXFileReference; lastKnownFileType = sourcecode.swift; name = TransactionHistoryView.swift; path = ManageDose/Views/TransactionHistoryView.swift; sourceTree = SOURCE_ROOT; };
		7E9506CB2BFB3C1400BDF341 /* SeparatorBar.swift */ = {isa = PBXFileReference; lastKnownFileType = sourcecode.swift; path = SeparatorBar.swift; sourceTree = "<group>"; };
		7EBEDBB12C02FA3D00DC4035 /* ColorExtension.swift */ = {isa = PBXFileReference; fileEncoding = 4; lastKnownFileType = sourcecode.swift; path = ColorExtension.swift; sourceTree = "<group>"; };
		7EBEDBB42C02FA6000DC4035 /* AddButton.swift */ = {isa = PBXFileReference; fileEncoding = 4; lastKnownFileType = sourcecode.swift; name = AddButton.swift; path = ManageDose/Components/AddButton.swift; sourceTree = SOURCE_ROOT; };
		7EBEDBB52C02FA6000DC4035 /* ExpenseCard.swift */ = {isa = PBXFileReference; fileEncoding = 4; lastKnownFileType = sourcecode.swift; name = ExpenseCard.swift; path = ManageDose/Components/ExpenseCard.swift; sourceTree = SOURCE_ROOT; };
		7EBEDBB62C02FA6000DC4035 /* IncomeCard.swift */ = {isa = PBXFileReference; fileEncoding = 4; lastKnownFileType = sourcecode.swift; name = IncomeCard.swift; path = ManageDose/Components/IncomeCard.swift; sourceTree = SOURCE_ROOT; };
		7EBEDBB72C02FA6000DC4035 /* BudgetProgressCard.swift */ = {isa = PBXFileReference; fileEncoding = 4; lastKnownFileType = sourcecode.swift; name = BudgetProgressCard.swift; path = ManageDose/Components/BudgetProgressCard.swift; sourceTree = SOURCE_ROOT; };
		7EBEDBB82C02FA6000DC4035 /* PieChart.swift */ = {isa = PBXFileReference; fileEncoding = 4; lastKnownFileType = sourcecode.swift; name = PieChart.swift; path = ManageDose/Components/PieChart.swift; sourceTree = SOURCE_ROOT; };
		7EBEDBB92C02FA6000DC4035 /* Button.swift */ = {isa = PBXFileReference; fileEncoding = 4; lastKnownFileType = sourcecode.swift; name = Button.swift; path = ManageDose/Components/Button.swift; sourceTree = SOURCE_ROOT; };
		7EBEDBC02C02FA7100DC4035 /* BudgetingView.swift */ = {isa = PBXFileReference; fileEncoding = 4; lastKnownFileType = sourcecode.swift; path = BudgetingView.swift; sourceTree = "<group>"; };
		7EBEDBC12C02FA7100DC4035 /* DetailBudget.swift */ = {isa = PBXFileReference; fileEncoding = 4; lastKnownFileType = sourcecode.swift; path = DetailBudget.swift; sourceTree = "<group>"; };
		7EBEDBC22C02FA7100DC4035 /* IncomeDetail.swift */ = {isa = PBXFileReference; fileEncoding = 4; lastKnownFileType = sourcecode.swift; path = IncomeDetail.swift; sourceTree = "<group>"; };
		7EBEDBC82C02FB2E00DC4035 /* Preview Assets.xcassets */ = {isa = PBXFileReference; lastKnownFileType = folder.assetcatalog; path = "Preview Assets.xcassets"; sourceTree = "<group>"; };
		7EE673FD2C05B278001777E4 /* IncomeDetailView.swift */ = {isa = PBXFileReference; lastKnownFileType = sourcecode.swift; path = IncomeDetailView.swift; sourceTree = "<group>"; };
/* End PBXFileReference section */

/* Begin PBXFrameworksBuildPhase section */
		04E6A9272C11B79500023DBE /* Frameworks */ = {
			isa = PBXFrameworksBuildPhase;
			buildActionMask = 2147483647;
			files = (
			);
			runOnlyForDeploymentPostprocessing = 0;
		};
		7E0EDBAD2BF6F66E00C384B8 /* Frameworks */ = {
			isa = PBXFrameworksBuildPhase;
			buildActionMask = 2147483647;
			files = (
			);
			runOnlyForDeploymentPostprocessing = 0;
		};
/* End PBXFrameworksBuildPhase section */

/* Begin PBXGroup section */
		0446CA082C11C19800E27268 /* Components */ = {
			isa = PBXGroup;
			children = (
				0446CA092C11C1A700E27268 /* PieChart.swift */,
				04A6ED4F2C11CCDB00C0A522 /* BudgetProgressCard.swift */,
				04A6ED512C11D13200C0A522 /* ExpenseCard.swift */,
			);
			path = Components;
			sourceTree = "<group>";
		};
		04E6A92B2C11B79500023DBE /* WatchManageDose Watch App */ = {
			isa = PBXGroup;
			children = (
				04CCBDE42C121A3C0066E7AD /* WatchManageDose Watch App.entitlements */,
				0446CA082C11C19800E27268 /* Components */,
				04E6A9442C11B9FA00023DBE /* Views */,
				04E6A9302C11B79700023DBE /* Assets.xcassets */,
				04E6A9322C11B79700023DBE /* Preview Content */,
			);
			path = "WatchManageDose Watch App";
			sourceTree = "<group>";
		};
		04E6A9322C11B79700023DBE /* Preview Content */ = {
			isa = PBXGroup;
			children = (
				04E6A9332C11B79700023DBE /* Preview Assets.xcassets */,
			);
			path = "Preview Content";
			sourceTree = "<group>";
		};
		04E6A9442C11B9FA00023DBE /* Views */ = {
			isa = PBXGroup;
			children = (
				04E6A9472C11BAAB00023DBE /* ExpendAllocationView.swift */,
				04A6ED542C11DA0E00C0A522 /* DetailBudget.swift */,
			);
			path = Views;
			sourceTree = "<group>";
		};
		7E0EDBA72BF6F66E00C384B8 = {
			isa = PBXGroup;
			children = (
				7E0EDBB22BF6F66E00C384B8 /* ManageDose */,
				04CF6E7F2C0DBCA200B1133B /* ManageDose.app */,
				04E6A92A2C11B79500023DBE /* WatchManageDose Watch App.app */,
				04E6A92B2C11B79500023DBE /* WatchManageDose Watch App */,
			);
			sourceTree = "<group>";
		};
		7E0EDBB22BF6F66E00C384B8 /* ManageDose */ = {
			isa = PBXGroup;
			children = (
				04CCBDE52C121A5D0066E7AD /* ManageDose.entitlements */,
				7E0EDBB32BF6F66E00C384B8 /* ManageDoseApp.swift */,
				7E0EDBB52BF6F66E00C384B8 /* ContentView.swift */,
				7E0EDBB72BF6F66F00C384B8 /* Assets.xcassets */,
				7E4215742BFC640500B0AFDB /* Models */,
				7EBEDBB22C02FA3D00DC4035 /* Extension */,
				7E0EDBB92BF6F66F00C384B8 /* Preview Content */,
				7E9506CE2BFB3EA200BDF341 /* Views */,
				7E9506CD2BFB3E7E00BDF341 /* Components */,
			);
			path = ManageDose;
			sourceTree = "<group>";
		};
		7E0EDBB92BF6F66F00C384B8 /* Preview Content */ = {
			isa = PBXGroup;
			children = (
				7EBEDBC82C02FB2E00DC4035 /* Preview Assets.xcassets */,
			);
			path = "Preview Content";
			sourceTree = "<group>";
		};
		7E4215742BFC640500B0AFDB /* Models */ = {
			isa = PBXGroup;
			children = (
				7E4215772BFC8F7100B0AFDB /* TransactionData.swift */,
				7E4215792BFC9F5E00B0AFDB /* BudgetingData.swift */,
				7E9282E52C09689A00E61487 /* IncomeData.swift */,
				7E9282E72C0968A500E61487 /* ExpenseData.swift */,
			);
			path = Models;
			sourceTree = "<group>";
		};
		7E9506CD2BFB3E7E00BDF341 /* Components */ = {
			isa = PBXGroup;
			children = (
				7EBEDBB42C02FA6000DC4035 /* AddButton.swift */,
				7E5F572F2C085F8500639A80 /* NavBar.swift */,
				7E5F57312C085F8500639A80 /* PageIndicatorBlank.swift */,
				7E5F57302C085F8500639A80 /* PageIndicatorFill.swift */,
				7E073D392C0370B100933456 /* SettingBudgetItem.swift */,
				7E073D3A2C0370B100933456 /* SettingBudgetRow.swift */,
				7E073D382C0370B100933456 /* Slider.swift */,
				7EBEDBC22C02FA7100DC4035 /* IncomeDetail.swift */,
				7EBEDBB72C02FA6000DC4035 /* BudgetProgressCard.swift */,
				7EBEDBB92C02FA6000DC4035 /* Button.swift */,
				7EBEDBB52C02FA6000DC4035 /* ExpenseCard.swift */,
				7EBEDBB62C02FA6000DC4035 /* IncomeCard.swift */,
				7EBEDBB82C02FA6000DC4035 /* PieChart.swift */,
				7E71FC3A2BFB193200F58890 /* TransactionItem.swift */,
				7E9282EA2C09A59100E61487 /* IncomeItem.swift */,
				7E9282EC2C09A5B400E61487 /* ExpenseItem.swift */,
				7E71FC3C2BFB1E3500F58890 /* BudgetingCard.swift */,
				7E9506CB2BFB3C1400BDF341 /* SeparatorBar.swift */,
				3F7695992C00252400FEE52D /* PopUpBar.swift */,
				0446CA102C11C94500E27268 /* AddNewExpenseCard.swift */,
			);
			path = Components;
			sourceTree = "<group>";
		};
		7E9506CE2BFB3EA200BDF341 /* Views */ = {
			isa = PBXGroup;
			children = (
				7E5F57292C085F5500639A80 /* OnBoarding2View.swift */,
				7E5F572A2C085F5500639A80 /* OnBoarding3View.swift */,
				7E073D3B2C0370B100933456 /* SettingBudgetView.swift */,
				7EBEDBC12C02FA7100DC4035 /* DetailBudget.swift */,
				7EBEDBC02C02FA7100DC4035 /* BudgetingView.swift */,
				7E9506C92BFB35C200BDF341 /* TransactionHistoryView.swift */,
				7E71FC382BFAEC2500F58890 /* HomeView.swift */,
				3F76959B2C0037EF00FEE52D /* AddNewExpenseView.swift */,
				7EE673FD2C05B278001777E4 /* IncomeDetailView.swift */,
				7E5F572B2C085F5500639A80 /* OnBoarding1View.swift */,
				7E0A45962C086D6800818A13 /* SplashScreenView.swift */,
			);
			path = Views;
			sourceTree = "<group>";
		};
		7EBEDBB22C02FA3D00DC4035 /* Extension */ = {
			isa = PBXGroup;
			children = (
				7EBEDBB12C02FA3D00DC4035 /* ColorExtension.swift */,
			);
			path = Extension;
			sourceTree = "<group>";
		};
/* End PBXGroup section */

/* Begin PBXNativeTarget section */
		04E6A9292C11B79500023DBE /* WatchManageDose Watch App */ = {
			isa = PBXNativeTarget;
			buildConfigurationList = 04E6A93B2C11B79700023DBE /* Build configuration list for PBXNativeTarget "WatchManageDose Watch App" */;
			buildPhases = (
				04E6A9262C11B79500023DBE /* Sources */,
				04E6A9272C11B79500023DBE /* Frameworks */,
				04E6A9282C11B79500023DBE /* Resources */,
			);
			buildRules = (
			);
			dependencies = (
			);
			name = "WatchManageDose Watch App";
			productName = "WatchManageDose Watch App";
			productReference = 04E6A92A2C11B79500023DBE /* WatchManageDose Watch App.app */;
			productType = "com.apple.product-type.application";
		};
		7E0EDBAF2BF6F66E00C384B8 /* ManageDose */ = {
			isa = PBXNativeTarget;
			buildConfigurationList = 7E0EDBBE2BF6F66F00C384B8 /* Build configuration list for PBXNativeTarget "ManageDose" */;
			buildPhases = (
				7E0EDBAC2BF6F66E00C384B8 /* Sources */,
				7E0EDBAD2BF6F66E00C384B8 /* Frameworks */,
				7E0EDBAE2BF6F66E00C384B8 /* Resources */,
				04E6A9382C11B79700023DBE /* Embed Watch Content */,
			);
			buildRules = (
			);
			dependencies = (
				04E6A9362C11B79700023DBE /* PBXTargetDependency */,
			);
			name = ManageDose;
			productName = ManageDose;
			productReference = 04CF6E7F2C0DBCA200B1133B /* ManageDose.app */;
			productType = "com.apple.product-type.application";
		};
/* End PBXNativeTarget section */

/* Begin PBXProject section */
		7E0EDBA82BF6F66E00C384B8 /* Project object */ = {
			isa = PBXProject;
			attributes = {
				BuildIndependentTargetsInParallel = 1;
				LastSwiftUpdateCheck = 1530;
				LastUpgradeCheck = 1530;
				TargetAttributes = {
					04E6A9292C11B79500023DBE = {
						CreatedOnToolsVersion = 15.3;
					};
					7E0EDBAF2BF6F66E00C384B8 = {
						CreatedOnToolsVersion = 15.3;
					};
				};
			};
			buildConfigurationList = 7E0EDBAB2BF6F66E00C384B8 /* Build configuration list for PBXProject "ManageDose" */;
			compatibilityVersion = "Xcode 14.0";
			developmentRegion = en;
			hasScannedForEncodings = 0;
			knownRegions = (
				en,
				Base,
			);
			mainGroup = 7E0EDBA72BF6F66E00C384B8;
			productRefGroup = 7E0EDBA72BF6F66E00C384B8;
			projectDirPath = "";
			projectRoot = "";
			targets = (
				7E0EDBAF2BF6F66E00C384B8 /* ManageDose */,
				04E6A9292C11B79500023DBE /* WatchManageDose Watch App */,
			);
		};
/* End PBXProject section */

/* Begin PBXResourcesBuildPhase section */
		04E6A9282C11B79500023DBE /* Resources */ = {
			isa = PBXResourcesBuildPhase;
			buildActionMask = 2147483647;
			files = (
				04E6A9342C11B79700023DBE /* Preview Assets.xcassets in Resources */,
				04E6A9422C11B89600023DBE /* Preview Assets.xcassets in Resources */,
				04E6A9312C11B79700023DBE /* Assets.xcassets in Resources */,
			);
			runOnlyForDeploymentPostprocessing = 0;
		};
		7E0EDBAE2BF6F66E00C384B8 /* Resources */ = {
			isa = PBXResourcesBuildPhase;
			buildActionMask = 2147483647;
			files = (
				7EBEDBC92C02FB2E00DC4035 /* Preview Assets.xcassets in Resources */,
				7E0EDBB82BF6F66F00C384B8 /* Assets.xcassets in Resources */,
			);
			runOnlyForDeploymentPostprocessing = 0;
		};
/* End PBXResourcesBuildPhase section */

/* Begin PBXSourcesBuildPhase section */
		04E6A9262C11B79500023DBE /* Sources */ = {
			isa = PBXSourcesBuildPhase;
			buildActionMask = 2147483647;
			files = (
				0446CA0F2C11C77000E27268 /* PopUpBar.swift in Sources */,
				0446CA0B2C11C4E600E27268 /* ContentView.swift in Sources */,
				04A6ED532C11D5DD00C0A522 /* SplashScreenView.swift in Sources */,
				04E6A93C2C11B89600023DBE /* ColorExtension.swift in Sources */,
				04E6A9482C11BAAB00023DBE /* ExpendAllocationView.swift in Sources */,
				04E6A93D2C11B89600023DBE /* ManageDoseApp.swift in Sources */,
				0446CA0A2C11C1A700E27268 /* PieChart.swift in Sources */,
				04A6ED502C11CCDB00C0A522 /* BudgetProgressCard.swift in Sources */,
				04E6A93E2C11B89600023DBE /* ExpenseData.swift in Sources */,
				04E6A93F2C11B89600023DBE /* TransactionData.swift in Sources */,
				04E6A9402C11B89600023DBE /* IncomeData.swift in Sources */,
				04A6ED552C11DA0E00C0A522 /* DetailBudget.swift in Sources */,
				04E6A9412C11B89600023DBE /* BudgetingData.swift in Sources */,
				04A6ED522C11D13200C0A522 /* ExpenseCard.swift in Sources */,
				0446CA0E2C11C76900E27268 /* SeparatorBar.swift in Sources */,
			);
			runOnlyForDeploymentPostprocessing = 0;
		};
		7E0EDBAC2BF6F66E00C384B8 /* Sources */ = {
			isa = PBXSourcesBuildPhase;
			buildActionMask = 2147483647;
			files = (
				7E9282EB2C09A59100E61487 /* IncomeItem.swift in Sources */,
				7E0A45972C086D6800818A13 /* SplashScreenView.swift in Sources */,
				3F76959A2C00252400FEE52D /* PopUpBar.swift in Sources */,
				7EBEDBC42C02FA7200DC4035 /* DetailBudget.swift in Sources */,
				7E42157A2BFC9F5E00B0AFDB /* BudgetingData.swift in Sources */,
				7EBEDBC32C02FA7200DC4035 /* BudgetingView.swift in Sources */,
				7E073D3E2C0370B100933456 /* SettingBudgetItem.swift in Sources */,
				7E5F57332C085F8500639A80 /* PageIndicatorFill.swift in Sources */,
				7E0EDBB62BF6F66E00C384B8 /* ContentView.swift in Sources */,
				7E71FC3D2BFB1E3500F58890 /* BudgetingCard.swift in Sources */,
				7E9506CC2BFB3C1400BDF341 /* SeparatorBar.swift in Sources */,
				0446CA112C11C94500E27268 /* AddNewExpenseCard.swift in Sources */,
				7E71FC392BFAEC2500F58890 /* HomeView.swift in Sources */,
				7E073D402C0370B100933456 /* SettingBudgetView.swift in Sources */,
				7EBEDBBF2C02FA6000DC4035 /* Button.swift in Sources */,
				7E71FC3E2BFB1E7000F58890 /* TransactionItem.swift in Sources */,
				7E9282ED2C09A5B400E61487 /* ExpenseItem.swift in Sources */,
				7E5F572D2C085F5500639A80 /* OnBoarding3View.swift in Sources */,
				7EBEDBBD2C02FA6000DC4035 /* BudgetProgressCard.swift in Sources */,
				7EBEDBBE2C02FA6000DC4035 /* PieChart.swift in Sources */,
				7E5F57342C085F8500639A80 /* PageIndicatorBlank.swift in Sources */,
				7EBEDBBB2C02FA6000DC4035 /* ExpenseCard.swift in Sources */,
				7E9282E62C09689A00E61487 /* IncomeData.swift in Sources */,
				7E073D3D2C0370B100933456 /* Slider.swift in Sources */,
				7E4215782BFC8F7100B0AFDB /* TransactionData.swift in Sources */,
				7EBEDBB32C02FA3D00DC4035 /* ColorExtension.swift in Sources */,
				7EBEDBBC2C02FA6000DC4035 /* IncomeCard.swift in Sources */,
				3F76959C2C0037EF00FEE52D /* AddNewExpenseView.swift in Sources */,
				7EBEDBC52C02FA7200DC4035 /* IncomeDetail.swift in Sources */,
				7EE673FE2C05B278001777E4 /* IncomeDetailView.swift in Sources */,
				7E5F572C2C085F5500639A80 /* OnBoarding2View.swift in Sources */,
				7E9506CA2BFB35C200BDF341 /* TransactionHistoryView.swift in Sources */,
				7E073D3F2C0370B100933456 /* SettingBudgetRow.swift in Sources */,
				7E9282E82C0968A500E61487 /* ExpenseData.swift in Sources */,
				7E0EDBB42BF6F66E00C384B8 /* ManageDoseApp.swift in Sources */,
				7E5F57322C085F8500639A80 /* NavBar.swift in Sources */,
				7EBEDBBA2C02FA6000DC4035 /* AddButton.swift in Sources */,
				7E5F572E2C085F5500639A80 /* OnBoarding1View.swift in Sources */,
			);
			runOnlyForDeploymentPostprocessing = 0;
		};
/* End PBXSourcesBuildPhase section */

/* Begin PBXTargetDependency section */
		04E6A9362C11B79700023DBE /* PBXTargetDependency */ = {
			isa = PBXTargetDependency;
			target = 04E6A9292C11B79500023DBE /* WatchManageDose Watch App */;
			targetProxy = 04E6A9352C11B79700023DBE /* PBXContainerItemProxy */;
		};
/* End PBXTargetDependency section */

/* Begin XCBuildConfiguration section */
		04E6A9392C11B79700023DBE /* Debug */ = {
			isa = XCBuildConfiguration;
			buildSettings = {
				ASSETCATALOG_COMPILER_APPICON_NAME = AppIcon;
				ASSETCATALOG_COMPILER_GLOBAL_ACCENT_COLOR_NAME = AccentColor;
				CODE_SIGN_ENTITLEMENTS = "WatchManageDose Watch App/WatchManageDose Watch App.entitlements";
				CODE_SIGN_STYLE = Automatic;
				CURRENT_PROJECT_VERSION = 1;
				DEVELOPMENT_ASSET_PATHS = "\"WatchManageDose Watch App/Preview Content\"";
				DEVELOPMENT_TEAM = 762N497Y5B;
				ENABLE_PREVIEWS = YES;
				GENERATE_INFOPLIST_FILE = YES;
				INFOPLIST_KEY_CFBundleDisplayName = WatchManageDose;
				INFOPLIST_KEY_UISupportedInterfaceOrientations = "UIInterfaceOrientationPortrait UIInterfaceOrientationPortraitUpsideDown";
				INFOPLIST_KEY_WKCompanionAppBundleIdentifier = com.hayyaoe.ManageDose;
				INFOPLIST_KEY_WKRunsIndependentlyOfCompanionApp = YES;
				LD_RUNPATH_SEARCH_PATHS = (
					"$(inherited)",
					"@executable_path/Frameworks",
				);
				MARKETING_VERSION = 1.0;
				PRODUCT_BUNDLE_IDENTIFIER = com.hayyaoe.ManageDose.watchkitapp;
				PRODUCT_NAME = "$(TARGET_NAME)";
				SDKROOT = watchos;
				SKIP_INSTALL = YES;
				SWIFT_EMIT_LOC_STRINGS = YES;
				SWIFT_VERSION = 5.0;
				TARGETED_DEVICE_FAMILY = 4;
				WATCHOS_DEPLOYMENT_TARGET = 10.4;
			};
			name = Debug;
		};
		04E6A93A2C11B79700023DBE /* Release */ = {
			isa = XCBuildConfiguration;
			buildSettings = {
				ASSETCATALOG_COMPILER_APPICON_NAME = AppIcon;
				ASSETCATALOG_COMPILER_GLOBAL_ACCENT_COLOR_NAME = AccentColor;
				CODE_SIGN_ENTITLEMENTS = "WatchManageDose Watch App/WatchManageDose Watch App.entitlements";
				CODE_SIGN_STYLE = Automatic;
				CURRENT_PROJECT_VERSION = 1;
				DEVELOPMENT_ASSET_PATHS = "\"WatchManageDose Watch App/Preview Content\"";
				DEVELOPMENT_TEAM = 762N497Y5B;
				ENABLE_PREVIEWS = YES;
				GENERATE_INFOPLIST_FILE = YES;
				INFOPLIST_KEY_CFBundleDisplayName = WatchManageDose;
				INFOPLIST_KEY_UISupportedInterfaceOrientations = "UIInterfaceOrientationPortrait UIInterfaceOrientationPortraitUpsideDown";
				INFOPLIST_KEY_WKCompanionAppBundleIdentifier = com.hayyaoe.ManageDose;
				INFOPLIST_KEY_WKRunsIndependentlyOfCompanionApp = YES;
				LD_RUNPATH_SEARCH_PATHS = (
					"$(inherited)",
					"@executable_path/Frameworks",
				);
				MARKETING_VERSION = 1.0;
				PRODUCT_BUNDLE_IDENTIFIER = com.hayyaoe.ManageDose.watchkitapp;
				PRODUCT_NAME = "$(TARGET_NAME)";
				SDKROOT = watchos;
				SKIP_INSTALL = YES;
				SWIFT_EMIT_LOC_STRINGS = YES;
				SWIFT_VERSION = 5.0;
				TARGETED_DEVICE_FAMILY = 4;
				WATCHOS_DEPLOYMENT_TARGET = 10.4;
			};
			name = Release;
		};
		7E0EDBBC2BF6F66F00C384B8 /* Debug */ = {
			isa = XCBuildConfiguration;
			buildSettings = {
				ALWAYS_SEARCH_USER_PATHS = NO;
				ASSETCATALOG_COMPILER_GENERATE_SWIFT_ASSET_SYMBOL_EXTENSIONS = YES;
				CLANG_ANALYZER_NONNULL = YES;
				CLANG_ANALYZER_NUMBER_OBJECT_CONVERSION = YES_AGGRESSIVE;
				CLANG_CXX_LANGUAGE_STANDARD = "gnu++20";
				CLANG_ENABLE_MODULES = YES;
				CLANG_ENABLE_OBJC_ARC = YES;
				CLANG_ENABLE_OBJC_WEAK = YES;
				CLANG_WARN_BLOCK_CAPTURE_AUTORELEASING = YES;
				CLANG_WARN_BOOL_CONVERSION = YES;
				CLANG_WARN_COMMA = YES;
				CLANG_WARN_CONSTANT_CONVERSION = YES;
				CLANG_WARN_DEPRECATED_OBJC_IMPLEMENTATIONS = YES;
				CLANG_WARN_DIRECT_OBJC_ISA_USAGE = YES_ERROR;
				CLANG_WARN_DOCUMENTATION_COMMENTS = YES;
				CLANG_WARN_EMPTY_BODY = YES;
				CLANG_WARN_ENUM_CONVERSION = YES;
				CLANG_WARN_INFINITE_RECURSION = YES;
				CLANG_WARN_INT_CONVERSION = YES;
				CLANG_WARN_NON_LITERAL_NULL_CONVERSION = YES;
				CLANG_WARN_OBJC_IMPLICIT_RETAIN_SELF = YES;
				CLANG_WARN_OBJC_LITERAL_CONVERSION = YES;
				CLANG_WARN_OBJC_ROOT_CLASS = YES_ERROR;
				CLANG_WARN_QUOTED_INCLUDE_IN_FRAMEWORK_HEADER = YES;
				CLANG_WARN_RANGE_LOOP_ANALYSIS = YES;
				CLANG_WARN_STRICT_PROTOTYPES = YES;
				CLANG_WARN_SUSPICIOUS_MOVE = YES;
				CLANG_WARN_UNGUARDED_AVAILABILITY = YES_AGGRESSIVE;
				CLANG_WARN_UNREACHABLE_CODE = YES;
				CLANG_WARN__DUPLICATE_METHOD_MATCH = YES;
				COPY_PHASE_STRIP = NO;
				DEBUG_INFORMATION_FORMAT = dwarf;
				ENABLE_STRICT_OBJC_MSGSEND = YES;
				ENABLE_TESTABILITY = YES;
				ENABLE_USER_SCRIPT_SANDBOXING = YES;
				GCC_C_LANGUAGE_STANDARD = gnu17;
				GCC_DYNAMIC_NO_PIC = NO;
				GCC_NO_COMMON_BLOCKS = YES;
				GCC_OPTIMIZATION_LEVEL = 0;
				GCC_PREPROCESSOR_DEFINITIONS = (
					"DEBUG=1",
					"$(inherited)",
				);
				GCC_WARN_64_TO_32_BIT_CONVERSION = YES;
				GCC_WARN_ABOUT_RETURN_TYPE = YES_ERROR;
				GCC_WARN_UNDECLARED_SELECTOR = YES;
				GCC_WARN_UNINITIALIZED_AUTOS = YES_AGGRESSIVE;
				GCC_WARN_UNUSED_FUNCTION = YES;
				GCC_WARN_UNUSED_VARIABLE = YES;
				IPHONEOS_DEPLOYMENT_TARGET = 17.4;
				LOCALIZATION_PREFERS_STRING_CATALOGS = YES;
				MTL_ENABLE_DEBUG_INFO = INCLUDE_SOURCE;
				MTL_FAST_MATH = YES;
				ONLY_ACTIVE_ARCH = YES;
				SDKROOT = iphoneos;
				SWIFT_ACTIVE_COMPILATION_CONDITIONS = "DEBUG $(inherited)";
				SWIFT_OPTIMIZATION_LEVEL = "-Onone";
			};
			name = Debug;
		};
		7E0EDBBD2BF6F66F00C384B8 /* Release */ = {
			isa = XCBuildConfiguration;
			buildSettings = {
				ALWAYS_SEARCH_USER_PATHS = NO;
				ASSETCATALOG_COMPILER_GENERATE_SWIFT_ASSET_SYMBOL_EXTENSIONS = YES;
				CLANG_ANALYZER_NONNULL = YES;
				CLANG_ANALYZER_NUMBER_OBJECT_CONVERSION = YES_AGGRESSIVE;
				CLANG_CXX_LANGUAGE_STANDARD = "gnu++20";
				CLANG_ENABLE_MODULES = YES;
				CLANG_ENABLE_OBJC_ARC = YES;
				CLANG_ENABLE_OBJC_WEAK = YES;
				CLANG_WARN_BLOCK_CAPTURE_AUTORELEASING = YES;
				CLANG_WARN_BOOL_CONVERSION = YES;
				CLANG_WARN_COMMA = YES;
				CLANG_WARN_CONSTANT_CONVERSION = YES;
				CLANG_WARN_DEPRECATED_OBJC_IMPLEMENTATIONS = YES;
				CLANG_WARN_DIRECT_OBJC_ISA_USAGE = YES_ERROR;
				CLANG_WARN_DOCUMENTATION_COMMENTS = YES;
				CLANG_WARN_EMPTY_BODY = YES;
				CLANG_WARN_ENUM_CONVERSION = YES;
				CLANG_WARN_INFINITE_RECURSION = YES;
				CLANG_WARN_INT_CONVERSION = YES;
				CLANG_WARN_NON_LITERAL_NULL_CONVERSION = YES;
				CLANG_WARN_OBJC_IMPLICIT_RETAIN_SELF = YES;
				CLANG_WARN_OBJC_LITERAL_CONVERSION = YES;
				CLANG_WARN_OBJC_ROOT_CLASS = YES_ERROR;
				CLANG_WARN_QUOTED_INCLUDE_IN_FRAMEWORK_HEADER = YES;
				CLANG_WARN_RANGE_LOOP_ANALYSIS = YES;
				CLANG_WARN_STRICT_PROTOTYPES = YES;
				CLANG_WARN_SUSPICIOUS_MOVE = YES;
				CLANG_WARN_UNGUARDED_AVAILABILITY = YES_AGGRESSIVE;
				CLANG_WARN_UNREACHABLE_CODE = YES;
				CLANG_WARN__DUPLICATE_METHOD_MATCH = YES;
				COPY_PHASE_STRIP = NO;
				DEBUG_INFORMATION_FORMAT = "dwarf-with-dsym";
				ENABLE_NS_ASSERTIONS = NO;
				ENABLE_STRICT_OBJC_MSGSEND = YES;
				ENABLE_USER_SCRIPT_SANDBOXING = YES;
				GCC_C_LANGUAGE_STANDARD = gnu17;
				GCC_NO_COMMON_BLOCKS = YES;
				GCC_WARN_64_TO_32_BIT_CONVERSION = YES;
				GCC_WARN_ABOUT_RETURN_TYPE = YES_ERROR;
				GCC_WARN_UNDECLARED_SELECTOR = YES;
				GCC_WARN_UNINITIALIZED_AUTOS = YES_AGGRESSIVE;
				GCC_WARN_UNUSED_FUNCTION = YES;
				GCC_WARN_UNUSED_VARIABLE = YES;
				IPHONEOS_DEPLOYMENT_TARGET = 17.4;
				LOCALIZATION_PREFERS_STRING_CATALOGS = YES;
				MTL_ENABLE_DEBUG_INFO = NO;
				MTL_FAST_MATH = YES;
				SDKROOT = iphoneos;
				SWIFT_COMPILATION_MODE = wholemodule;
				VALIDATE_PRODUCT = YES;
			};
			name = Release;
		};
		7E0EDBBF2BF6F66F00C384B8 /* Debug */ = {
			isa = XCBuildConfiguration;
			buildSettings = {
				ALWAYS_EMBED_SWIFT_STANDARD_LIBRARIES = YES;
				ASSETCATALOG_COMPILER_APPICON_NAME = AppIcon;
				ASSETCATALOG_COMPILER_GLOBAL_ACCENT_COLOR_NAME = AccentColor;
				CODE_SIGN_ENTITLEMENTS = ManageDose/ManageDose.entitlements;
				CODE_SIGN_STYLE = Automatic;
				CURRENT_PROJECT_VERSION = 1;
				DEVELOPMENT_ASSET_PATHS = "\"ManageDose/Preview Content\"";
				DEVELOPMENT_TEAM = 762N497Y5B;
				ENABLE_PREVIEWS = YES;
				GENERATE_INFOPLIST_FILE = YES;
				INFOPLIST_KEY_UIApplicationSceneManifest_Generation = YES;
				INFOPLIST_KEY_UIApplicationSupportsIndirectInputEvents = YES;
				INFOPLIST_KEY_UILaunchScreen_Generation = YES;
				INFOPLIST_KEY_UISupportedInterfaceOrientations_iPad = "UIInterfaceOrientationPortrait UIInterfaceOrientationPortraitUpsideDown UIInterfaceOrientationLandscapeLeft UIInterfaceOrientationLandscapeRight";
				INFOPLIST_KEY_UISupportedInterfaceOrientations_iPhone = "UIInterfaceOrientationPortrait UIInterfaceOrientationLandscapeLeft UIInterfaceOrientationLandscapeRight";
				IPHONEOS_DEPLOYMENT_TARGET = 17.2;
				LD_RUNPATH_SEARCH_PATHS = (
					"$(inherited)",
					"@executable_path/Frameworks",
				);
				MARKETING_VERSION = 1.0;
				PRODUCT_BUNDLE_IDENTIFIER = com.hayyaoe.ManageDose;
				PRODUCT_NAME = "$(TARGET_NAME)";
				SWIFT_EMIT_LOC_STRINGS = YES;
				SWIFT_VERSION = 5.0;
				TARGETED_DEVICE_FAMILY = "1,2";
			};
			name = Debug;
		};
		7E0EDBC02BF6F66F00C384B8 /* Release */ = {
			isa = XCBuildConfiguration;
			buildSettings = {
				ALWAYS_EMBED_SWIFT_STANDARD_LIBRARIES = YES;
				ASSETCATALOG_COMPILER_APPICON_NAME = AppIcon;
				ASSETCATALOG_COMPILER_GLOBAL_ACCENT_COLOR_NAME = AccentColor;
				CODE_SIGN_ENTITLEMENTS = ManageDose/ManageDose.entitlements;
				CODE_SIGN_STYLE = Automatic;
				CURRENT_PROJECT_VERSION = 1;
				DEVELOPMENT_ASSET_PATHS = "\"ManageDose/Preview Content\"";
				DEVELOPMENT_TEAM = 762N497Y5B;
				ENABLE_PREVIEWS = YES;
				GENERATE_INFOPLIST_FILE = YES;
				INFOPLIST_KEY_UIApplicationSceneManifest_Generation = YES;
				INFOPLIST_KEY_UIApplicationSupportsIndirectInputEvents = YES;
				INFOPLIST_KEY_UILaunchScreen_Generation = YES;
				INFOPLIST_KEY_UISupportedInterfaceOrientations_iPad = "UIInterfaceOrientationPortrait UIInterfaceOrientationPortraitUpsideDown UIInterfaceOrientationLandscapeLeft UIInterfaceOrientationLandscapeRight";
				INFOPLIST_KEY_UISupportedInterfaceOrientations_iPhone = "UIInterfaceOrientationPortrait UIInterfaceOrientationLandscapeLeft UIInterfaceOrientationLandscapeRight";
				IPHONEOS_DEPLOYMENT_TARGET = 17.2;
				LD_RUNPATH_SEARCH_PATHS = (
					"$(inherited)",
					"@executable_path/Frameworks",
				);
				MARKETING_VERSION = 1.0;
				PRODUCT_BUNDLE_IDENTIFIER = com.hayyaoe.ManageDose;
				PRODUCT_NAME = "$(TARGET_NAME)";
				SWIFT_EMIT_LOC_STRINGS = YES;
				SWIFT_VERSION = 5.0;
				TARGETED_DEVICE_FAMILY = "1,2";
			};
			name = Release;
		};
/* End XCBuildConfiguration section */

/* Begin XCConfigurationList section */
		04E6A93B2C11B79700023DBE /* Build configuration list for PBXNativeTarget "WatchManageDose Watch App" */ = {
			isa = XCConfigurationList;
			buildConfigurations = (
				04E6A9392C11B79700023DBE /* Debug */,
				04E6A93A2C11B79700023DBE /* Release */,
			);
			defaultConfigurationIsVisible = 0;
			defaultConfigurationName = Release;
		};
		7E0EDBAB2BF6F66E00C384B8 /* Build configuration list for PBXProject "ManageDose" */ = {
			isa = XCConfigurationList;
			buildConfigurations = (
				7E0EDBBC2BF6F66F00C384B8 /* Debug */,
				7E0EDBBD2BF6F66F00C384B8 /* Release */,
			);
			defaultConfigurationIsVisible = 0;
			defaultConfigurationName = Release;
		};
		7E0EDBBE2BF6F66F00C384B8 /* Build configuration list for PBXNativeTarget "ManageDose" */ = {
			isa = XCConfigurationList;
			buildConfigurations = (
				7E0EDBBF2BF6F66F00C384B8 /* Debug */,
				7E0EDBC02BF6F66F00C384B8 /* Release */,
			);
			defaultConfigurationIsVisible = 0;
			defaultConfigurationName = Release;
		};
/* End XCConfigurationList section */
	};
	rootObject = 7E0EDBA82BF6F66E00C384B8 /* Project object */;
}
