// !$*UTF8*$!
{
	archiveVersion = 1;
	classes = {
	};
	objectVersion = 56;
	objects = {

/* Begin PBXBuildFile section */
		3F7695982C00238600FEE52D /* AddNewExpenseCard.swift in Sources */ = {isa = PBXBuildFile; fileRef = 3F7695972C00238600FEE52D /* AddNewExpenseCard.swift */; };
		3F76959A2C00252400FEE52D /* PopUpBar.swift in Sources */ = {isa = PBXBuildFile; fileRef = 3F7695992C00252400FEE52D /* PopUpBar.swift */; };
		3F76959C2C0037EF00FEE52D /* AddNewExpenseView.swift in Sources */ = {isa = PBXBuildFile; fileRef = 3F76959B2C0037EF00FEE52D /* AddNewExpenseView.swift */; };
		7E0EDBB42BF6F66E00C384B8 /* ManageDoseApp.swift in Sources */ = {isa = PBXBuildFile; fileRef = 7E0EDBB32BF6F66E00C384B8 /* ManageDoseApp.swift */; };
		7E0EDBB62BF6F66E00C384B8 /* ContentView.swift in Sources */ = {isa = PBXBuildFile; fileRef = 7E0EDBB52BF6F66E00C384B8 /* ContentView.swift */; };
		7E0EDBB82BF6F66F00C384B8 /* Assets.xcassets in Resources */ = {isa = PBXBuildFile; fileRef = 7E0EDBB72BF6F66F00C384B8 /* Assets.xcassets */; };
		7E0EDBBB2BF6F66F00C384B8 /* Preview Assets.xcassets in Resources */ = {isa = PBXBuildFile; fileRef = 7E0EDBBA2BF6F66F00C384B8 /* Preview Assets.xcassets */; };
		7E4215782BFC8F7100B0AFDB /* TransactionData.swift in Sources */ = {isa = PBXBuildFile; fileRef = 7E4215772BFC8F7100B0AFDB /* TransactionData.swift */; };
		7E42157A2BFC9F5E00B0AFDB /* BudgetingData.swift in Sources */ = {isa = PBXBuildFile; fileRef = 7E4215792BFC9F5E00B0AFDB /* BudgetingData.swift */; };
		7E71FC392BFAEC2500F58890 /* HomeView.swift in Sources */ = {isa = PBXBuildFile; fileRef = 7E71FC382BFAEC2500F58890 /* HomeView.swift */; };
		7E71FC3D2BFB1E3500F58890 /* BudgetingCard.swift in Sources */ = {isa = PBXBuildFile; fileRef = 7E71FC3C2BFB1E3500F58890 /* BudgetingCard.swift */; };
		7E71FC3E2BFB1E7000F58890 /* TransactionItem.swift in Sources */ = {isa = PBXBuildFile; fileRef = 7E71FC3A2BFB193200F58890 /* TransactionItem.swift */; };
		7E9506CA2BFB35C200BDF341 /* TransactionHistoryView.swift in Sources */ = {isa = PBXBuildFile; fileRef = 7E9506C92BFB35C200BDF341 /* TransactionHistoryView.swift */; };
		7E9506CC2BFB3C1400BDF341 /* SeparatorBar.swift in Sources */ = {isa = PBXBuildFile; fileRef = 7E9506CB2BFB3C1400BDF341 /* SeparatorBar.swift */; };
		7EB947E22BFB59BE00A7C723 /* HomeViewModel.swift in Sources */ = {isa = PBXBuildFile; fileRef = 7EB947E12BFB59BE00A7C723 /* HomeViewModel.swift */; };
		7EB947E42BFB59EB00A7C723 /* TransactionHistoryViewModel.swift in Sources */ = {isa = PBXBuildFile; fileRef = 7EB947E32BFB59EB00A7C723 /* TransactionHistoryViewModel.swift */; };
/* End PBXBuildFile section */

/* Begin PBXFileReference section */
		3F7695972C00238600FEE52D /* AddNewExpenseCard.swift */ = {isa = PBXFileReference; lastKnownFileType = sourcecode.swift; path = AddNewExpenseCard.swift; sourceTree = "<group>"; };
		3F7695992C00252400FEE52D /* PopUpBar.swift */ = {isa = PBXFileReference; lastKnownFileType = sourcecode.swift; path = PopUpBar.swift; sourceTree = "<group>"; };
		3F76959B2C0037EF00FEE52D /* AddNewExpenseView.swift */ = {isa = PBXFileReference; lastKnownFileType = sourcecode.swift; path = AddNewExpenseView.swift; sourceTree = "<group>"; };
		7E0EDBB02BF6F66E00C384B8 /* ManageDose.app */ = {isa = PBXFileReference; explicitFileType = wrapper.application; includeInIndex = 0; path = ManageDose.app; sourceTree = BUILT_PRODUCTS_DIR; };
		7E0EDBB32BF6F66E00C384B8 /* ManageDoseApp.swift */ = {isa = PBXFileReference; lastKnownFileType = sourcecode.swift; path = ManageDoseApp.swift; sourceTree = "<group>"; };
		7E0EDBB52BF6F66E00C384B8 /* ContentView.swift */ = {isa = PBXFileReference; lastKnownFileType = sourcecode.swift; path = ContentView.swift; sourceTree = "<group>"; };
		7E0EDBB72BF6F66F00C384B8 /* Assets.xcassets */ = {isa = PBXFileReference; lastKnownFileType = folder.assetcatalog; path = Assets.xcassets; sourceTree = "<group>"; };
		7E0EDBBA2BF6F66F00C384B8 /* Preview Assets.xcassets */ = {isa = PBXFileReference; lastKnownFileType = folder.assetcatalog; path = "Preview Assets.xcassets"; sourceTree = "<group>"; };
		7E4215772BFC8F7100B0AFDB /* TransactionData.swift */ = {isa = PBXFileReference; lastKnownFileType = sourcecode.swift; path = TransactionData.swift; sourceTree = "<group>"; };
		7E4215792BFC9F5E00B0AFDB /* BudgetingData.swift */ = {isa = PBXFileReference; lastKnownFileType = sourcecode.swift; path = BudgetingData.swift; sourceTree = "<group>"; };
		7E71FC382BFAEC2500F58890 /* HomeView.swift */ = {isa = PBXFileReference; lastKnownFileType = sourcecode.swift; path = HomeView.swift; sourceTree = "<group>"; };
		7E71FC3A2BFB193200F58890 /* TransactionItem.swift */ = {isa = PBXFileReference; lastKnownFileType = sourcecode.swift; path = TransactionItem.swift; sourceTree = "<group>"; };
		7E71FC3C2BFB1E3500F58890 /* BudgetingCard.swift */ = {isa = PBXFileReference; lastKnownFileType = sourcecode.swift; path = BudgetingCard.swift; sourceTree = "<group>"; };
		7E9506C92BFB35C200BDF341 /* TransactionHistoryView.swift */ = {isa = PBXFileReference; lastKnownFileType = sourcecode.swift; name = TransactionHistoryView.swift; path = ManageDose/Views/TransactionHistoryView.swift; sourceTree = SOURCE_ROOT; };
		7E9506CB2BFB3C1400BDF341 /* SeparatorBar.swift */ = {isa = PBXFileReference; lastKnownFileType = sourcecode.swift; path = SeparatorBar.swift; sourceTree = "<group>"; };
		7EB947E12BFB59BE00A7C723 /* HomeViewModel.swift */ = {isa = PBXFileReference; lastKnownFileType = sourcecode.swift; path = HomeViewModel.swift; sourceTree = "<group>"; };
		7EB947E32BFB59EB00A7C723 /* TransactionHistoryViewModel.swift */ = {isa = PBXFileReference; lastKnownFileType = sourcecode.swift; path = TransactionHistoryViewModel.swift; sourceTree = "<group>"; };
/* End PBXFileReference section */

/* Begin PBXFrameworksBuildPhase section */
		7E0EDBAD2BF6F66E00C384B8 /* Frameworks */ = {
			isa = PBXFrameworksBuildPhase;
			buildActionMask = 2147483647;
			files = (
			);
			runOnlyForDeploymentPostprocessing = 0;
		};
/* End PBXFrameworksBuildPhase section */

/* Begin PBXGroup section */
		7E0EDBA72BF6F66E00C384B8 = {
			isa = PBXGroup;
			children = (
				7E0EDBB22BF6F66E00C384B8 /* ManageDose */,
				7E4215742BFC640500B0AFDB /* Models */,
				7E0EDBB12BF6F66E00C384B8 /* Products */,
			);
			sourceTree = "<group>";
		};
		7E0EDBB12BF6F66E00C384B8 /* Products */ = {
			isa = PBXGroup;
			children = (
				7E0EDBB02BF6F66E00C384B8 /* ManageDose.app */,
			);
			name = Products;
			sourceTree = "<group>";
		};
		7E0EDBB22BF6F66E00C384B8 /* ManageDose */ = {
			isa = PBXGroup;
			children = (
				7E0EDBB32BF6F66E00C384B8 /* ManageDoseApp.swift */,
				7E0EDBB52BF6F66E00C384B8 /* ContentView.swift */,
				7E0EDBB72BF6F66F00C384B8 /* Assets.xcassets */,
				7E0EDBB92BF6F66F00C384B8 /* Preview Content */,
				7E9506CE2BFB3EA200BDF341 /* Views */,
				7EB947E52BFB59F300A7C723 /* ViewModels */,
				7E9506CD2BFB3E7E00BDF341 /* Components */,
			);
			path = ManageDose;
			sourceTree = "<group>";
		};
		7E0EDBB92BF6F66F00C384B8 /* Preview Content */ = {
			isa = PBXGroup;
			children = (
				7E0EDBBA2BF6F66F00C384B8 /* Preview Assets.xcassets */,
			);
			path = "Preview Content";
			sourceTree = "<group>";
		};
		7E4215742BFC640500B0AFDB /* Models */ = {
			isa = PBXGroup;
			children = (
				7E4215772BFC8F7100B0AFDB /* TransactionData.swift */,
				7E4215792BFC9F5E00B0AFDB /* BudgetingData.swift */,
			);
			path = Models;
			sourceTree = "<group>";
		};
		7E9506CD2BFB3E7E00BDF341 /* Components */ = {
			isa = PBXGroup;
			children = (
				7E71FC3A2BFB193200F58890 /* TransactionItem.swift */,
				7E71FC3C2BFB1E3500F58890 /* BudgetingCard.swift */,
				7E9506CB2BFB3C1400BDF341 /* SeparatorBar.swift */,
				3F7695972C00238600FEE52D /* AddNewExpenseCard.swift */,
				3F7695992C00252400FEE52D /* PopUpBar.swift */,
			);
			path = Components;
			sourceTree = "<group>";
		};
		7E9506CE2BFB3EA200BDF341 /* Views */ = {
			isa = PBXGroup;
			children = (
				7E9506C92BFB35C200BDF341 /* TransactionHistoryView.swift */,
				7E71FC382BFAEC2500F58890 /* HomeView.swift */,
				3F76959B2C0037EF00FEE52D /* AddNewExpenseView.swift */,
			);
			path = Views;
			sourceTree = "<group>";
		};
		7EB947E52BFB59F300A7C723 /* ViewModels */ = {
			isa = PBXGroup;
			children = (
				7EB947E12BFB59BE00A7C723 /* HomeViewModel.swift */,
				7EB947E32BFB59EB00A7C723 /* TransactionHistoryViewModel.swift */,
			);
			path = ViewModels;
			sourceTree = "<group>";
		};
/* End PBXGroup section */

/* Begin PBXNativeTarget section */
		7E0EDBAF2BF6F66E00C384B8 /* ManageDose */ = {
			isa = PBXNativeTarget;
			buildConfigurationList = 7E0EDBBE2BF6F66F00C384B8 /* Build configuration list for PBXNativeTarget "ManageDose" */;
			buildPhases = (
				7E0EDBAC2BF6F66E00C384B8 /* Sources */,
				7E0EDBAD2BF6F66E00C384B8 /* Frameworks */,
				7E0EDBAE2BF6F66E00C384B8 /* Resources */,
			);
			buildRules = (
			);
			dependencies = (
			);
			name = ManageDose;
			productName = ManageDose;
			productReference = 7E0EDBB02BF6F66E00C384B8 /* ManageDose.app */;
			productType = "com.apple.product-type.application";
		};
/* End PBXNativeTarget section */

/* Begin PBXProject section */
		7E0EDBA82BF6F66E00C384B8 /* Project object */ = {
			isa = PBXProject;
			attributes = {
				BuildIndependentTargetsInParallel = 1;
				LastSwiftUpdateCheck = 1530;
				LastUpgradeCheck = 1530;
				TargetAttributes = {
					7E0EDBAF2BF6F66E00C384B8 = {
						CreatedOnToolsVersion = 15.3;
					};
				};
			};
			buildConfigurationList = 7E0EDBAB2BF6F66E00C384B8 /* Build configuration list for PBXProject "ManageDose" */;
			compatibilityVersion = "Xcode 14.0";
			developmentRegion = en;
			hasScannedForEncodings = 0;
			knownRegions = (
				en,
				Base,
			);
			mainGroup = 7E0EDBA72BF6F66E00C384B8;
			productRefGroup = 7E0EDBB12BF6F66E00C384B8 /* Products */;
			projectDirPath = "";
			projectRoot = "";
			targets = (
				7E0EDBAF2BF6F66E00C384B8 /* ManageDose */,
			);
		};
/* End PBXProject section */

/* Begin PBXResourcesBuildPhase section */
		7E0EDBAE2BF6F66E00C384B8 /* Resources */ = {
			isa = PBXResourcesBuildPhase;
			buildActionMask = 2147483647;
			files = (
				7E0EDBBB2BF6F66F00C384B8 /* Preview Assets.xcassets in Resources */,
				7E0EDBB82BF6F66F00C384B8 /* Assets.xcassets in Resources */,
			);
			runOnlyForDeploymentPostprocessing = 0;
		};
/* End PBXResourcesBuildPhase section */

/* Begin PBXSourcesBuildPhase section */
		7E0EDBAC2BF6F66E00C384B8 /* Sources */ = {
			isa = PBXSourcesBuildPhase;
			buildActionMask = 2147483647;
			files = (
				3F76959A2C00252400FEE52D /* PopUpBar.swift in Sources */,
				7E42157A2BFC9F5E00B0AFDB /* BudgetingData.swift in Sources */,
				7E0EDBB62BF6F66E00C384B8 /* ContentView.swift in Sources */,
				7E71FC3D2BFB1E3500F58890 /* BudgetingCard.swift in Sources */,
				7E9506CC2BFB3C1400BDF341 /* SeparatorBar.swift in Sources */,
				7EB947E22BFB59BE00A7C723 /* HomeViewModel.swift in Sources */,
				7E71FC392BFAEC2500F58890 /* HomeView.swift in Sources */,
				7E71FC3E2BFB1E7000F58890 /* TransactionItem.swift in Sources */,
				7E4215782BFC8F7100B0AFDB /* TransactionData.swift in Sources */,
				7EB947E42BFB59EB00A7C723 /* TransactionHistoryViewModel.swift in Sources */,
				3F76959C2C0037EF00FEE52D /* AddNewExpenseView.swift in Sources */,
				7E9506CA2BFB35C200BDF341 /* TransactionHistoryView.swift in Sources */,
				7E0EDBB42BF6F66E00C384B8 /* ManageDoseApp.swift in Sources */,
				3F7695982C00238600FEE52D /* AddNewExpenseCard.swift in Sources */,
			);
			runOnlyForDeploymentPostprocessing = 0;
		};
/* End PBXSourcesBuildPhase section */

/* Begin XCBuildConfiguration section */
		7E0EDBBC2BF6F66F00C384B8 /* Debug */ = {
			isa = XCBuildConfiguration;
			buildSettings = {
				ALWAYS_SEARCH_USER_PATHS = NO;
				ASSETCATALOG_COMPILER_GENERATE_SWIFT_ASSET_SYMBOL_EXTENSIONS = YES;
				CLANG_ANALYZER_NONNULL = YES;
				CLANG_ANALYZER_NUMBER_OBJECT_CONVERSION = YES_AGGRESSIVE;
				CLANG_CXX_LANGUAGE_STANDARD = "gnu++20";
				CLANG_ENABLE_MODULES = YES;
				CLANG_ENABLE_OBJC_ARC = YES;
				CLANG_ENABLE_OBJC_WEAK = YES;
				CLANG_WARN_BLOCK_CAPTURE_AUTORELEASING = YES;
				CLANG_WARN_BOOL_CONVERSION = YES;
				CLANG_WARN_COMMA = YES;
				CLANG_WARN_CONSTANT_CONVERSION = YES;
				CLANG_WARN_DEPRECATED_OBJC_IMPLEMENTATIONS = YES;
				CLANG_WARN_DIRECT_OBJC_ISA_USAGE = YES_ERROR;
				CLANG_WARN_DOCUMENTATION_COMMENTS = YES;
				CLANG_WARN_EMPTY_BODY = YES;
				CLANG_WARN_ENUM_CONVERSION = YES;
				CLANG_WARN_INFINITE_RECURSION = YES;
				CLANG_WARN_INT_CONVERSION = YES;
				CLANG_WARN_NON_LITERAL_NULL_CONVERSION = YES;
				CLANG_WARN_OBJC_IMPLICIT_RETAIN_SELF = YES;
				CLANG_WARN_OBJC_LITERAL_CONVERSION = YES;
				CLANG_WARN_OBJC_ROOT_CLASS = YES_ERROR;
				CLANG_WARN_QUOTED_INCLUDE_IN_FRAMEWORK_HEADER = YES;
				CLANG_WARN_RANGE_LOOP_ANALYSIS = YES;
				CLANG_WARN_STRICT_PROTOTYPES = YES;
				CLANG_WARN_SUSPICIOUS_MOVE = YES;
				CLANG_WARN_UNGUARDED_AVAILABILITY = YES_AGGRESSIVE;
				CLANG_WARN_UNREACHABLE_CODE = YES;
				CLANG_WARN__DUPLICATE_METHOD_MATCH = YES;
				COPY_PHASE_STRIP = NO;
				DEBUG_INFORMATION_FORMAT = dwarf;
				ENABLE_STRICT_OBJC_MSGSEND = YES;
				ENABLE_TESTABILITY = YES;
				ENABLE_USER_SCRIPT_SANDBOXING = YES;
				GCC_C_LANGUAGE_STANDARD = gnu17;
				GCC_DYNAMIC_NO_PIC = NO;
				GCC_NO_COMMON_BLOCKS = YES;
				GCC_OPTIMIZATION_LEVEL = 0;
				GCC_PREPROCESSOR_DEFINITIONS = (
					"DEBUG=1",
					"$(inherited)",
				);
				GCC_WARN_64_TO_32_BIT_CONVERSION = YES;
				GCC_WARN_ABOUT_RETURN_TYPE = YES_ERROR;
				GCC_WARN_UNDECLARED_SELECTOR = YES;
				GCC_WARN_UNINITIALIZED_AUTOS = YES_AGGRESSIVE;
				GCC_WARN_UNUSED_FUNCTION = YES;
				GCC_WARN_UNUSED_VARIABLE = YES;
				IPHONEOS_DEPLOYMENT_TARGET = 17.4;
				LOCALIZATION_PREFERS_STRING_CATALOGS = YES;
				MTL_ENABLE_DEBUG_INFO = INCLUDE_SOURCE;
				MTL_FAST_MATH = YES;
				ONLY_ACTIVE_ARCH = YES;
				SDKROOT = iphoneos;
				SWIFT_ACTIVE_COMPILATION_CONDITIONS = "DEBUG $(inherited)";
				SWIFT_OPTIMIZATION_LEVEL = "-Onone";
			};
			name = Debug;
		};
		7E0EDBBD2BF6F66F00C384B8 /* Release */ = {
			isa = XCBuildConfiguration;
			buildSettings = {
				ALWAYS_SEARCH_USER_PATHS = NO;
				ASSETCATALOG_COMPILER_GENERATE_SWIFT_ASSET_SYMBOL_EXTENSIONS = YES;
				CLANG_ANALYZER_NONNULL = YES;
				CLANG_ANALYZER_NUMBER_OBJECT_CONVERSION = YES_AGGRESSIVE;
				CLANG_CXX_LANGUAGE_STANDARD = "gnu++20";
				CLANG_ENABLE_MODULES = YES;
				CLANG_ENABLE_OBJC_ARC = YES;
				CLANG_ENABLE_OBJC_WEAK = YES;
				CLANG_WARN_BLOCK_CAPTURE_AUTORELEASING = YES;
				CLANG_WARN_BOOL_CONVERSION = YES;
				CLANG_WARN_COMMA = YES;
				CLANG_WARN_CONSTANT_CONVERSION = YES;
				CLANG_WARN_DEPRECATED_OBJC_IMPLEMENTATIONS = YES;
				CLANG_WARN_DIRECT_OBJC_ISA_USAGE = YES_ERROR;
				CLANG_WARN_DOCUMENTATION_COMMENTS = YES;
				CLANG_WARN_EMPTY_BODY = YES;
				CLANG_WARN_ENUM_CONVERSION = YES;
				CLANG_WARN_INFINITE_RECURSION = YES;
				CLANG_WARN_INT_CONVERSION = YES;
				CLANG_WARN_NON_LITERAL_NULL_CONVERSION = YES;
				CLANG_WARN_OBJC_IMPLICIT_RETAIN_SELF = YES;
				CLANG_WARN_OBJC_LITERAL_CONVERSION = YES;
				CLANG_WARN_OBJC_ROOT_CLASS = YES_ERROR;
				CLANG_WARN_QUOTED_INCLUDE_IN_FRAMEWORK_HEADER = YES;
				CLANG_WARN_RANGE_LOOP_ANALYSIS = YES;
				CLANG_WARN_STRICT_PROTOTYPES = YES;
				CLANG_WARN_SUSPICIOUS_MOVE = YES;
				CLANG_WARN_UNGUARDED_AVAILABILITY = YES_AGGRESSIVE;
				CLANG_WARN_UNREACHABLE_CODE = YES;
				CLANG_WARN__DUPLICATE_METHOD_MATCH = YES;
				COPY_PHASE_STRIP = NO;
				DEBUG_INFORMATION_FORMAT = "dwarf-with-dsym";
				ENABLE_NS_ASSERTIONS = NO;
				ENABLE_STRICT_OBJC_MSGSEND = YES;
				ENABLE_USER_SCRIPT_SANDBOXING = YES;
				GCC_C_LANGUAGE_STANDARD = gnu17;
				GCC_NO_COMMON_BLOCKS = YES;
				GCC_WARN_64_TO_32_BIT_CONVERSION = YES;
				GCC_WARN_ABOUT_RETURN_TYPE = YES_ERROR;
				GCC_WARN_UNDECLARED_SELECTOR = YES;
				GCC_WARN_UNINITIALIZED_AUTOS = YES_AGGRESSIVE;
				GCC_WARN_UNUSED_FUNCTION = YES;
				GCC_WARN_UNUSED_VARIABLE = YES;
				IPHONEOS_DEPLOYMENT_TARGET = 17.4;
				LOCALIZATION_PREFERS_STRING_CATALOGS = YES;
				MTL_ENABLE_DEBUG_INFO = NO;
				MTL_FAST_MATH = YES;
				SDKROOT = iphoneos;
				SWIFT_COMPILATION_MODE = wholemodule;
				VALIDATE_PRODUCT = YES;
			};
			name = Release;
		};
		7E0EDBBF2BF6F66F00C384B8 /* Debug */ = {
			isa = XCBuildConfiguration;
			buildSettings = {
				ASSETCATALOG_COMPILER_APPICON_NAME = AppIcon;
				ASSETCATALOG_COMPILER_GLOBAL_ACCENT_COLOR_NAME = AccentColor;
				CODE_SIGN_STYLE = Automatic;
				CURRENT_PROJECT_VERSION = 1;
				DEVELOPMENT_ASSET_PATHS = "\"ManageDose/Preview Content\"";
				DEVELOPMENT_TEAM = X7N87J76HK;
				ENABLE_PREVIEWS = YES;
				GENERATE_INFOPLIST_FILE = YES;
				INFOPLIST_KEY_UIApplicationSceneManifest_Generation = YES;
				INFOPLIST_KEY_UIApplicationSupportsIndirectInputEvents = YES;
				INFOPLIST_KEY_UILaunchScreen_Generation = YES;
				INFOPLIST_KEY_UISupportedInterfaceOrientations_iPad = "UIInterfaceOrientationPortrait UIInterfaceOrientationPortraitUpsideDown UIInterfaceOrientationLandscapeLeft UIInterfaceOrientationLandscapeRight";
				INFOPLIST_KEY_UISupportedInterfaceOrientations_iPhone = "UIInterfaceOrientationPortrait UIInterfaceOrientationLandscapeLeft UIInterfaceOrientationLandscapeRight";
				LD_RUNPATH_SEARCH_PATHS = (
					"$(inherited)",
					"@executable_path/Frameworks",
				);
				MARKETING_VERSION = 1.0;
				PRODUCT_BUNDLE_IDENTIFIER = com.hayyaoe.ManageDose;
				PRODUCT_NAME = "$(TARGET_NAME)";
				SWIFT_EMIT_LOC_STRINGS = YES;
				SWIFT_VERSION = 5.0;
				TARGETED_DEVICE_FAMILY = "1,2";
			};
			name = Debug;
		};
		7E0EDBC02BF6F66F00C384B8 /* Release */ = {
			isa = XCBuildConfiguration;
			buildSettings = {
				ASSETCATALOG_COMPILER_APPICON_NAME = AppIcon;
				ASSETCATALOG_COMPILER_GLOBAL_ACCENT_COLOR_NAME = AccentColor;
				CODE_SIGN_STYLE = Automatic;
				CURRENT_PROJECT_VERSION = 1;
				DEVELOPMENT_ASSET_PATHS = "\"ManageDose/Preview Content\"";
				DEVELOPMENT_TEAM = X7N87J76HK;
				ENABLE_PREVIEWS = YES;
				GENERATE_INFOPLIST_FILE = YES;
				INFOPLIST_KEY_UIApplicationSceneManifest_Generation = YES;
				INFOPLIST_KEY_UIApplicationSupportsIndirectInputEvents = YES;
				INFOPLIST_KEY_UILaunchScreen_Generation = YES;
				INFOPLIST_KEY_UISupportedInterfaceOrientations_iPad = "UIInterfaceOrientationPortrait UIInterfaceOrientationPortraitUpsideDown UIInterfaceOrientationLandscapeLeft UIInterfaceOrientationLandscapeRight";
				INFOPLIST_KEY_UISupportedInterfaceOrientations_iPhone = "UIInterfaceOrientationPortrait UIInterfaceOrientationLandscapeLeft UIInterfaceOrientationLandscapeRight";
				LD_RUNPATH_SEARCH_PATHS = (
					"$(inherited)",
					"@executable_path/Frameworks",
				);
				MARKETING_VERSION = 1.0;
				PRODUCT_BUNDLE_IDENTIFIER = com.hayyaoe.ManageDose;
				PRODUCT_NAME = "$(TARGET_NAME)";
				SWIFT_EMIT_LOC_STRINGS = YES;
				SWIFT_VERSION = 5.0;
				TARGETED_DEVICE_FAMILY = "1,2";
			};
			name = Release;
		};
/* End XCBuildConfiguration section */

/* Begin XCConfigurationList section */
		7E0EDBAB2BF6F66E00C384B8 /* Build configuration list for PBXProject "ManageDose" */ = {
			isa = XCConfigurationList;
			buildConfigurations = (
				7E0EDBBC2BF6F66F00C384B8 /* Debug */,
				7E0EDBBD2BF6F66F00C384B8 /* Release */,
			);
			defaultConfigurationIsVisible = 0;
			defaultConfigurationName = Release;
		};
		7E0EDBBE2BF6F66F00C384B8 /* Build configuration list for PBXNativeTarget "ManageDose" */ = {
			isa = XCConfigurationList;
			buildConfigurations = (
				7E0EDBBF2BF6F66F00C384B8 /* Debug */,
				7E0EDBC02BF6F66F00C384B8 /* Release */,
			);
			defaultConfigurationIsVisible = 0;
			defaultConfigurationName = Release;
		};
/* End XCConfigurationList section */
	};
	rootObject = 7E0EDBA82BF6F66E00C384B8 /* Project object */;
}
